
Microsoft Visual Studio Solution File, Format Version 12.00
# Visual Studio Version 16
VisualStudioVersion = 16.0.30804.86
MinimumVisualStudioVersion = 10.0.40219.1
Project("{FAE04EC0-301F-11D3-BF4B-00C04F79EFBC}") = "HRM_PracticeHaVanVu", "HRM_PracticeHaVanVu.csproj", "{4080585D-AFC4-47B4-820D-E1EC8F8391BC}"
EndProject
Global
	GlobalSection(SolutionConfigurationPlatforms) = preSolution
		Debug|Any CPU = Debug|Any CPU
		Release|Any CPU = Release|Any CPU
	EndGlobalSection
	GlobalSection(ProjectConfigurationPlatforms) = postSolution
		{4080585D-AFC4-47B4-820D-E1EC8F8391BC}.Debug|Any CPU.ActiveCfg = Debug|Any CPU
		{4080585D-AFC4-47B4-820D-E1EC8F8391BC}.Debug|Any CPU.Build.0 = Debug|Any CPU
		{4080585D-AFC4-47B4-820D-E1EC8F8391BC}.Release|Any CPU.ActiveCfg = Release|Any CPU
		{4080585D-AFC4-47B4-820D-E1EC8F8391BC}.Release|Any CPU.Build.0 = Release|Any CPU
	EndGlobalSection
	GlobalSection(SolutionProperties) = preSolution
		HideSolutionNode = FALSE
	EndGlobalSection
	GlobalSection(ExtensibilityGlobals) = postSolution
		SolutionGuid = {8FAE7B0B-0D26-4C5B-980F-3E0E06C64351}
	EndGlobalSection
EndGlobal
